
Microsoft Visual Studio Solution File, Format Version 12.00
# Visual Studio Version 16
VisualStudioVersion = 16.0.29519.181
MinimumVisualStudioVersion = 10.0.40219.1
Project("{FAE04EC0-301F-11D3-BF4B-00C04F79EFBC}") = "DevOpsSimpleAPI", "DevOpsSimpleAPI\DevOpsSimpleAPI.csproj", "{2D9336B5-0D1A-4BF1-B2F2-63370ABF4E1E}"
EndProject
Project("{FAE04EC0-301F-11D3-BF4B-00C04F79EFBC}") = "DevOpsSimpleAPI.Tests", "DevOpsSimpleAPI.Tests\DevOpsSimpleAPI.Tests.csproj", "{AFB45930-C297-4B3C-94E6-CC887D9E0CA5}"
EndProject
Global
	GlobalSection(SolutionConfigurationPlatforms) = preSolution
		Debug|Any CPU = Debug|Any CPU
		Release|Any CPU = Release|Any CPU
	EndGlobalSection
	GlobalSection(ProjectConfigurationPlatforms) = postSolution
		{2D9336B5-0D1A-4BF1-B2F2-63370ABF4E1E}.Debug|Any CPU.ActiveCfg = Debug|Any CPU
		{2D9336B5-0D1A-4BF1-B2F2-63370ABF4E1E}.Debug|Any CPU.Build.0 = Debug|Any CPU
		{2D9336B5-0D1A-4BF1-B2F2-63370ABF4E1E}.Release|Any CPU.ActiveCfg = Release|Any CPU
		{2D9336B5-0D1A-4BF1-B2F2-63370ABF4E1E}.Release|Any CPU.Build.0 = Release|Any CPU
		{AFB45930-C297-4B3C-94E6-CC887D9E0CA5}.Debug|Any CPU.ActiveCfg = Debug|Any CPU
		{AFB45930-C297-4B3C-94E6-CC887D9E0CA5}.Debug|Any CPU.Build.0 = Debug|Any CPU
		{AFB45930-C297-4B3C-94E6-CC887D9E0CA5}.Release|Any CPU.ActiveCfg = Release|Any CPU
		{AFB45930-C297-4B3C-94E6-CC887D9E0CA5}.Release|Any CPU.Build.0 = Release|Any CPU
	EndGlobalSection
	GlobalSection(SolutionProperties) = preSolution
		HideSolutionNode = FALSE
	EndGlobalSection
	GlobalSection(ExtensibilityGlobals) = postSolution
		SolutionGuid = {C308A9A6-14A0-4BD6-BD9F-44C537C12503}
	EndGlobalSection
EndGlobal
